
Microsoft Visual Studio Solution File, Format Version 12.00
# Visual Studio Version 16
VisualStudioVersion = 16.0.30114.105
MinimumVisualStudioVersion = 10.0.40219.1
Project("{FAE04EC0-301F-11D3-BF4B-00C04F79EFBC}") = "PlayerManager3", "PlayerManager3\PlayerManager3.csproj", "{39DE82C2-9647-491F-8A82-D18625EEA441}"
EndProject
Project("{FAE04EC0-301F-11D3-BF4B-00C04F79EFBC}") = "PlayerManager4", "PlayerManager4\PlayerManager4.csproj", "{BA20129B-5BFD-4911-B638-16063AC02EAE}"
EndProject
Project("{FAE04EC0-301F-11D3-BF4B-00C04F79EFBC}") = "StringCollections", "StringCollections\StringCollections.csproj", "{8FF7D65D-BC5D-41A2-9170-524F1FE61387}"
EndProject
Project("{FAE04EC0-301F-11D3-BF4B-00C04F79EFBC}") = "SamePlayer", "SamePlayer\SamePlayer.csproj", "{B9D61B2E-236C-445C-95FA-8350D5E574A0}"
EndProject
Global
	GlobalSection(SolutionConfigurationPlatforms) = preSolution
		Debug|Any CPU = Debug|Any CPU
		Release|Any CPU = Release|Any CPU
	EndGlobalSection
	GlobalSection(SolutionProperties) = preSolution
		HideSolutionNode = FALSE
	EndGlobalSection
	GlobalSection(ProjectConfigurationPlatforms) = postSolution
		{39DE82C2-9647-491F-8A82-D18625EEA441}.Debug|Any CPU.ActiveCfg = Debug|Any CPU
		{39DE82C2-9647-491F-8A82-D18625EEA441}.Debug|Any CPU.Build.0 = Debug|Any CPU
		{39DE82C2-9647-491F-8A82-D18625EEA441}.Release|Any CPU.ActiveCfg = Release|Any CPU
		{39DE82C2-9647-491F-8A82-D18625EEA441}.Release|Any CPU.Build.0 = Release|Any CPU
		{BA20129B-5BFD-4911-B638-16063AC02EAE}.Debug|Any CPU.ActiveCfg = Debug|Any CPU
		{BA20129B-5BFD-4911-B638-16063AC02EAE}.Debug|Any CPU.Build.0 = Debug|Any CPU
		{BA20129B-5BFD-4911-B638-16063AC02EAE}.Release|Any CPU.ActiveCfg = Release|Any CPU
		{BA20129B-5BFD-4911-B638-16063AC02EAE}.Release|Any CPU.Build.0 = Release|Any CPU
		{8FF7D65D-BC5D-41A2-9170-524F1FE61387}.Debug|Any CPU.ActiveCfg = Debug|Any CPU
		{8FF7D65D-BC5D-41A2-9170-524F1FE61387}.Debug|Any CPU.Build.0 = Debug|Any CPU
		{8FF7D65D-BC5D-41A2-9170-524F1FE61387}.Release|Any CPU.ActiveCfg = Release|Any CPU
		{8FF7D65D-BC5D-41A2-9170-524F1FE61387}.Release|Any CPU.Build.0 = Release|Any CPU
		{B9D61B2E-236C-445C-95FA-8350D5E574A0}.Debug|Any CPU.ActiveCfg = Debug|Any CPU
		{B9D61B2E-236C-445C-95FA-8350D5E574A0}.Debug|Any CPU.Build.0 = Debug|Any CPU
		{B9D61B2E-236C-445C-95FA-8350D5E574A0}.Release|Any CPU.ActiveCfg = Release|Any CPU
		{B9D61B2E-236C-445C-95FA-8350D5E574A0}.Release|Any CPU.Build.0 = Release|Any CPU
	EndGlobalSection
EndGlobal
